
Microsoft Visual Studio Solution File, Format Version 12.00
# Visual Studio Version 17
VisualStudioVersion = 17.0.31912.275
MinimumVisualStudioVersion = 10.0.40219.1
Project("{FAE04EC0-301F-11D3-BF4B-00C04F79EFBC}") = "ItemControls3a", "ItemControls3a\ItemControls3a.csproj", "{71D33B9B-4952-40B5-ABA2-205E6E762239}"
EndProject
Global
	GlobalSection(SolutionConfigurationPlatforms) = preSolution
		Debug|Any CPU = Debug|Any CPU
		Release|Any CPU = Release|Any CPU
	EndGlobalSection
	GlobalSection(ProjectConfigurationPlatforms) = postSolution
		{71D33B9B-4952-40B5-ABA2-205E6E762239}.Debug|Any CPU.ActiveCfg = Debug|Any CPU
		{71D33B9B-4952-40B5-ABA2-205E6E762239}.Debug|Any CPU.Build.0 = Debug|Any CPU
		{71D33B9B-4952-40B5-ABA2-205E6E762239}.Release|Any CPU.ActiveCfg = Release|Any CPU
		{71D33B9B-4952-40B5-ABA2-205E6E762239}.Release|Any CPU.Build.0 = Release|Any CPU
	EndGlobalSection
	GlobalSection(SolutionProperties) = preSolution
		HideSolutionNode = FALSE
	EndGlobalSection
	GlobalSection(ExtensibilityGlobals) = postSolution
		SolutionGuid = {A036158A-DC8C-4031-9EC5-42075D223F63}
	EndGlobalSection
EndGlobal
